
Microsoft Visual Studio Solution File, Format Version 12.00
# Visual Studio Version 17
VisualStudioVersion = 17.14.36310.24 d17.14
MinimumVisualStudioVersion = 10.0.40219.1
Project("{FAE04EC0-301F-11D3-BF4B-00C04F79EFBC}") = "DataGenerator", "DataGenerator.csproj", "{A8EAA57C-C5B3-40C1-982B-9DD673D15E45}"
EndProject
Global
	GlobalSection(SolutionConfigurationPlatforms) = preSolution
		Debug|Any CPU = Debug|Any CPU
		Release|Any CPU = Release|Any CPU
	EndGlobalSection
	GlobalSection(ProjectConfigurationPlatforms) = postSolution
		{A8EAA57C-C5B3-40C1-982B-9DD673D15E45}.Debug|Any CPU.ActiveCfg = Debug|Any CPU
		{A8EAA57C-C5B3-40C1-982B-9DD673D15E45}.Debug|Any CPU.Build.0 = Debug|Any CPU
		{A8EAA57C-C5B3-40C1-982B-9DD673D15E45}.Release|Any CPU.ActiveCfg = Release|Any CPU
		{A8EAA57C-C5B3-40C1-982B-9DD673D15E45}.Release|Any CPU.Build.0 = Release|Any CPU
	EndGlobalSection
	GlobalSection(SolutionProperties) = preSolution
		HideSolutionNode = FALSE
	EndGlobalSection
	GlobalSection(ExtensibilityGlobals) = postSolution
		SolutionGuid = {EDE79796-89D9-4C69-8844-3AD654549115}
	EndGlobalSection
EndGlobal
